
Microsoft Visual Studio Solution File, Format Version 12.00
# Visual Studio 15
VisualStudioVersion = 15.0.27703.2047
MinimumVisualStudioVersion = 10.0.40219.1
Project("{FAE04EC0-301F-11D3-BF4B-00C04F79EFBC}") = "TimeMachine", "TimeMachine\TimeMachine.csproj", "{E06AB054-FED1-4F37-94BE-AE33CF6B9C37}"
EndProject
Project("{FAE04EC0-301F-11D3-BF4B-00C04F79EFBC}") = "TimeMachine.Delorean", "TimeMachine.Delorean\TimeMachine.Delorean.csproj", "{D02B0D1F-7FC2-4FB0-9FC3-FA2C73451895}"
EndProject
Project("{FAE04EC0-301F-11D3-BF4B-00C04F79EFBC}") = "TimeMachine.Tests", "TimeMachine.Tests\TimeMachine.Tests.csproj", "{C0F6F85B-58D8-44F1-98BA-3BE420F63AD6}"
EndProject
Global
	GlobalSection(SolutionConfigurationPlatforms) = preSolution
		Debug|Any CPU = Debug|Any CPU
		Release|Any CPU = Release|Any CPU
	EndGlobalSection
	GlobalSection(ProjectConfigurationPlatforms) = postSolution
		{E06AB054-FED1-4F37-94BE-AE33CF6B9C37}.Debug|Any CPU.ActiveCfg = Debug|Any CPU
		{E06AB054-FED1-4F37-94BE-AE33CF6B9C37}.Debug|Any CPU.Build.0 = Debug|Any CPU
		{E06AB054-FED1-4F37-94BE-AE33CF6B9C37}.Release|Any CPU.ActiveCfg = Release|Any CPU
		{E06AB054-FED1-4F37-94BE-AE33CF6B9C37}.Release|Any CPU.Build.0 = Release|Any CPU
		{D02B0D1F-7FC2-4FB0-9FC3-FA2C73451895}.Debug|Any CPU.ActiveCfg = Debug|Any CPU
		{D02B0D1F-7FC2-4FB0-9FC3-FA2C73451895}.Debug|Any CPU.Build.0 = Debug|Any CPU
		{D02B0D1F-7FC2-4FB0-9FC3-FA2C73451895}.Release|Any CPU.ActiveCfg = Release|Any CPU
		{D02B0D1F-7FC2-4FB0-9FC3-FA2C73451895}.Release|Any CPU.Build.0 = Release|Any CPU
		{C0F6F85B-58D8-44F1-98BA-3BE420F63AD6}.Debug|Any CPU.ActiveCfg = Debug|Any CPU
		{C0F6F85B-58D8-44F1-98BA-3BE420F63AD6}.Debug|Any CPU.Build.0 = Debug|Any CPU
		{C0F6F85B-58D8-44F1-98BA-3BE420F63AD6}.Release|Any CPU.ActiveCfg = Release|Any CPU
		{C0F6F85B-58D8-44F1-98BA-3BE420F63AD6}.Release|Any CPU.Build.0 = Release|Any CPU
	EndGlobalSection
	GlobalSection(SolutionProperties) = preSolution
		HideSolutionNode = FALSE
	EndGlobalSection
	GlobalSection(ExtensibilityGlobals) = postSolution
		SolutionGuid = {D4D4C229-7C7C-41EA-B0E2-90F8684A6D14}
	EndGlobalSection
EndGlobal
